
Microsoft Visual Studio Solution File, Format Version 12.00
# Visual Studio Version 17
VisualStudioVersion = 17.0.31903.59
MinimumVisualStudioVersion = 10.0.40219.1
Project("{2150E333-8FDC-42A3-9474-1A3956D46DE8}") = "Dotnet", "Dotnet", "{71E6E750-85FD-B5BC-4321-E01377EC6231}"
EndProject
Project("{FAE04EC0-301F-11D3-BF4B-00C04F79EFBC}") = "GraphDatabase", "Dotnet\GraphDatabase.csproj", "{C94B02C6-20CB-4BCC-A28B-C22AF67ED093}"
EndProject
Project("{FAE04EC0-301F-11D3-BF4B-00C04F79EFBC}") = "Dotnet.Test", "Dotnet.Test\Dotnet.Test.csproj", "{9343714B-5EBA-4125-B997-3897BC72F121}"
EndProject
Global
	GlobalSection(SolutionConfigurationPlatforms) = preSolution
		Debug|Any CPU = Debug|Any CPU
		Debug|x64 = Debug|x64
		Debug|x86 = Debug|x86
		Release|Any CPU = Release|Any CPU
		Release|x64 = Release|x64
		Release|x86 = Release|x86
	EndGlobalSection
	GlobalSection(ProjectConfigurationPlatforms) = postSolution
		{C94B02C6-20CB-4BCC-A28B-C22AF67ED093}.Debug|Any CPU.ActiveCfg = Debug|Any CPU
		{C94B02C6-20CB-4BCC-A28B-C22AF67ED093}.Debug|Any CPU.Build.0 = Debug|Any CPU
		{C94B02C6-20CB-4BCC-A28B-C22AF67ED093}.Debug|x64.ActiveCfg = Debug|Any CPU
		{C94B02C6-20CB-4BCC-A28B-C22AF67ED093}.Debug|x64.Build.0 = Debug|Any CPU
		{C94B02C6-20CB-4BCC-A28B-C22AF67ED093}.Debug|x86.ActiveCfg = Debug|Any CPU
		{C94B02C6-20CB-4BCC-A28B-C22AF67ED093}.Debug|x86.Build.0 = Debug|Any CPU
		{C94B02C6-20CB-4BCC-A28B-C22AF67ED093}.Release|Any CPU.ActiveCfg = Release|Any CPU
		{C94B02C6-20CB-4BCC-A28B-C22AF67ED093}.Release|Any CPU.Build.0 = Release|Any CPU
		{C94B02C6-20CB-4BCC-A28B-C22AF67ED093}.Release|x64.ActiveCfg = Release|Any CPU
		{C94B02C6-20CB-4BCC-A28B-C22AF67ED093}.Release|x64.Build.0 = Release|Any CPU
		{C94B02C6-20CB-4BCC-A28B-C22AF67ED093}.Release|x86.ActiveCfg = Release|Any CPU
		{C94B02C6-20CB-4BCC-A28B-C22AF67ED093}.Release|x86.Build.0 = Release|Any CPU
		{9343714B-5EBA-4125-B997-3897BC72F121}.Debug|Any CPU.ActiveCfg = Debug|Any CPU
		{9343714B-5EBA-4125-B997-3897BC72F121}.Debug|Any CPU.Build.0 = Debug|Any CPU
		{9343714B-5EBA-4125-B997-3897BC72F121}.Debug|x64.ActiveCfg = Debug|Any CPU
		{9343714B-5EBA-4125-B997-3897BC72F121}.Debug|x64.Build.0 = Debug|Any CPU
		{9343714B-5EBA-4125-B997-3897BC72F121}.Debug|x86.ActiveCfg = Debug|Any CPU
		{9343714B-5EBA-4125-B997-3897BC72F121}.Debug|x86.Build.0 = Debug|Any CPU
		{9343714B-5EBA-4125-B997-3897BC72F121}.Release|Any CPU.ActiveCfg = Release|Any CPU
		{9343714B-5EBA-4125-B997-3897BC72F121}.Release|Any CPU.Build.0 = Release|Any CPU
		{9343714B-5EBA-4125-B997-3897BC72F121}.Release|x64.ActiveCfg = Release|Any CPU
		{9343714B-5EBA-4125-B997-3897BC72F121}.Release|x64.Build.0 = Release|Any CPU
		{9343714B-5EBA-4125-B997-3897BC72F121}.Release|x86.ActiveCfg = Release|Any CPU
		{9343714B-5EBA-4125-B997-3897BC72F121}.Release|x86.Build.0 = Release|Any CPU
	EndGlobalSection
	GlobalSection(SolutionProperties) = preSolution
		HideSolutionNode = FALSE
	EndGlobalSection
	GlobalSection(NestedProjects) = preSolution
		{C94B02C6-20CB-4BCC-A28B-C22AF67ED093} = {71E6E750-85FD-B5BC-4321-E01377EC6231}
		{9343714B-5EBA-4125-B997-3897BC72F121} = {71E6E750-85FD-B5BC-4321-E01377EC6231}
	EndGlobalSection
EndGlobal
